<?xml version="1.0" encoding="utf-8"?>
<Project ToolsVersion="4.0" xmlns="http://schemas.microsoft.com/developer/msbuild/2003">
  <ItemGroup>
    <Filter Include="util">
      <UniqueIdentifier>{d21bd762-085b-4171-aebf-12fb4c98a6fc}</UniqueIdentifier>
    </Filter>
    <Filter Include="actor">
      <UniqueIdentifier>{65f4f515-ac8c-453a-af53-f8569b0bcebe}</UniqueIdentifier>
    </Filter>
    <Filter Include="core">
      <UniqueIdentifier>{ebe65237-e05a-485c-b83e-3fc7c0b52a2d}</UniqueIdentifier>
    </Filter>
    <Filter Include="json">
      <UniqueIdentifier>{eda6e6a5-9e90-4624-bd29-cea6eee954ee}</UniqueIdentifier>
    </Filter>
    <Filter Include="collision">
      <UniqueIdentifier>{e4c78dca-097b-496d-be96-463374703c8e}</UniqueIdentifier>
    </Filter>
    <Filter Include="gimmick">
      <UniqueIdentifier>{284f73f8-8832-47c1-837d-40d7b98c6f3d}</UniqueIdentifier>
    </Filter>
    <Filter Include="sound">
      <UniqueIdentifier>{db5b41f3-ce1b-479c-99ac-805eb12ac169}</UniqueIdentifier>
    </Filter>
    <Filter Include="system">
      <UniqueIdentifier>{22dd8095-74f9-46df-81a1-36675a040b1f}</UniqueIdentifier>
    </Filter>
    <Filter Include="scene">
      <UniqueIdentifier>{5e403bdb-56d1-44f7-baa0-132bfcbdfc06}</UniqueIdentifier>
    </Filter>
    <Filter Include="ui">
      <UniqueIdentifier>{efece5e8-a911-4583-9a34-a1cec28cd9ed}</UniqueIdentifier>
    </Filter>
    <Filter Include="Effect">
      <UniqueIdentifier>{5b75be25-2573-4b6b-927d-94342bd1f849}</UniqueIdentifier>
    </Filter>
    <Filter Include="score">
      <UniqueIdentifier>{c5ff2349-076f-4fb3-8b3c-53c9d012c63a}</UniqueIdentifier>
    </Filter>
  </ItemGroup>
  <ItemGroup>
    <ClCompile Include="stdafx.cpp" />
    <ClCompile Include="main.cpp" />
    <ClCompile Include="system\system.cpp">
      <Filter>system</Filter>
    </ClCompile>
    <ClCompile Include="GameCamera.cpp" />
    <ClCompile Include="Actor\Player.cpp">
      <Filter>actor</Filter>
    </ClCompile>
    <ClCompile Include="Actor\PlayerIState.cpp">
      <Filter>actor</Filter>
    </ClCompile>
    <ClCompile Include="Actor\Actor.cpp">
      <Filter>actor</Filter>
    </ClCompile>
    <ClCompile Include="Actor\Character.cpp">
      <Filter>actor</Filter>
    </ClCompile>
    <ClCompile Include="Actor\ActorStatus.cpp">
      <Filter>actor</Filter>
    </ClCompile>
    <ClCompile Include="Actor\PlayerController.cpp">
      <Filter>actor</Filter>
    </ClCompile>
    <ClCompile Include="Actor\StateMachine.cpp">
      <Filter>actor</Filter>
    </ClCompile>
    <ClCompile Include="Types.cpp" />
    <ClCompile Include="Actor\ActorTypes.cpp">
      <Filter>actor</Filter>
    </ClCompile>
    <ClCompile Include="BackGround.cpp" />
    <ClCompile Include="core\ParameterManager.cpp">
      <Filter>core</Filter>
    </ClCompile>
    <ClCompile Include="actor\Gimmick.cpp">
      <Filter>actor</Filter>
    </ClCompile>
    <ClCompile Include="actor\Plate.cpp">
      <Filter>actor</Filter>
    </ClCompile>
    <ClCompile Include="core\SceneLoader.cpp">
      <Filter>core</Filter>
    </ClCompile>
    <ClCompile Include="core\TransformHelper.cpp">
      <Filter>core</Filter>
    </ClCompile>
    <ClCompile Include="collision\CollisionManager.cpp">
      <Filter>collision</Filter>
    </ClCompile>
    <ClCompile Include="Transform.cpp" />
    <ClCompile Include="gimmick\CoockingSpace.cpp">
      <Filter>gimmick</Filter>
    </ClCompile>
    <ClCompile Include="sound\SoundManager.cpp">
      <Filter>sound</Filter>
    </ClCompile>
    <ClCompile Include="scene\BootScene.cpp">
      <Filter>scene</Filter>
    </ClCompile>
    <ClCompile Include="scene\GameScene.cpp">
      <Filter>scene</Filter>
    </ClCompile>
    <ClCompile Include="scene\TitleScene.cpp">
      <Filter>scene</Filter>
    </ClCompile>
    <ClCompile Include="scene\IScene.cpp">
      <Filter>scene</Filter>
    </ClCompile>
    <ClCompile Include="scene\SceneManager.cpp">
      <Filter>scene</Filter>
    </ClCompile>
    <ClCompile Include="scene\StartupScene.cpp">
      <Filter>scene</Filter>
    </ClCompile>
    <ClCompile Include="ui\SpriteAnimation.cpp">
      <Filter>ui</Filter>
    </ClCompile>
    <ClCompile Include="ui\UIBase.cpp">
      <Filter>ui</Filter>
    </ClCompile>
    <ClCompile Include="effect\EffectManager.cpp">
      <Filter>Effect</Filter>
    </ClCompile>
    <ClCompile Include="core\Fade.cpp">
      <Filter>core</Filter>
    </ClCompile>
    <ClCompile Include="gimmick\FoodSpace.cpp">
      <Filter>gimmick</Filter>
    </ClCompile>
    <ClCompile Include="gimmick\DeliverySpace.cpp">
      <Filter>gimmick</Filter>
    </ClCompile>
    <ClCompile Include="score\Score.cpp">
      <Filter>score</Filter>
    </ClCompile>
    <ClCompile Include="ui\UIScore.cpp">
      <Filter>ui</Filter>
    </ClCompile>
    <ClCompile Include="scene\ResultScene.cpp">
      <Filter>scene</Filter>
    </ClCompile>
    <ClCompile Include="core\TimeKeeper.cpp">
      <Filter>core</Filter>
    </ClCompile>
    <ClCompile Include="ui\UITimer.cpp">
      <Filter>ui</Filter>
    </ClCompile>
    <ClCompile Include="collision\Shape.cpp">
      <Filter>collision</Filter>
    </ClCompile>
    <ClCompile Include="collision\Collider.cpp">
      <Filter>collision</Filter>
    </ClCompile>
    <ClCompile Include="collision\GhostBody.cpp">
      <Filter>collision</Filter>
    </ClCompile>
    <ClCompile Include="ui\UIPlayerNumber.cpp">
      <Filter>ui</Filter>
    </ClCompile>
  </ItemGroup>
  <ItemGroup>
    <ClInclude Include="stdafx.h" />
    <ClInclude Include="system\system.h">
      <Filter>system</Filter>
    </ClInclude>
    <ClInclude Include="GameCamera.h" />
    <ClInclude Include="Actor\Player.h">
      <Filter>actor</Filter>
    </ClInclude>
    <ClInclude Include="Actor\PlayerIState.h">
      <Filter>actor</Filter>
    </ClInclude>
    <ClInclude Include="Actor\Actor.h">
      <Filter>actor</Filter>
    </ClInclude>
    <ClInclude Include="Actor\Character.h">
      <Filter>actor</Filter>
    </ClInclude>
    <ClInclude Include="Actor\ActorStatus.h">
      <Filter>actor</Filter>
    </ClInclude>
    <ClInclude Include="Actor\PlayerController.h">
      <Filter>actor</Filter>
    </ClInclude>
    <ClInclude Include="Actor\StateMachine.h">
      <Filter>actor</Filter>
    </ClInclude>
    <ClInclude Include="Types.h" />
    <ClInclude Include="Actor\ActorTypes.h">
      <Filter>actor</Filter>
    </ClInclude>
    <ClInclude Include="BackGround.h" />
    <ClInclude Include="core\ParameterManager.h">
      <Filter>core</Filter>
    </ClInclude>
    <ClInclude Include="json\json.hpp">
      <Filter>json</Filter>
    </ClInclude>
    <ClInclude Include="util\CRC32.h">
      <Filter>util</Filter>
    </ClInclude>
    <ClInclude Include="actor\Gimmick.h">
      <Filter>actor</Filter>
    </ClInclude>
    <ClInclude Include="actor\Plate.h">
      <Filter>actor</Filter>
    </ClInclude>
    <ClInclude Include="core\SceneLoader.h">
      <Filter>core</Filter>
    </ClInclude>
    <ClInclude Include="core\TransformHelper.h">
      <Filter>core</Filter>
    </ClInclude>
    <ClInclude Include="collision\CollisionManager.h">
      <Filter>collision</Filter>
    </ClInclude>
    <ClInclude Include="Transform.h" />
    <ClInclude Include="gimmick\CoockingSpace.h">
      <Filter>gimmick</Filter>
    </ClInclude>
    <ClInclude Include="sound\SoundManager.h">
      <Filter>sound</Filter>
    </ClInclude>
    <ClInclude Include="sound\Types.h">
      <Filter>sound</Filter>
    </ClInclude>
    <ClInclude Include="scene\BootScene.h">
      <Filter>scene</Filter>
    </ClInclude>
    <ClInclude Include="scene\GameScene.h">
      <Filter>scene</Filter>
    </ClInclude>
    <ClInclude Include="scene\TitleScene.h">
      <Filter>scene</Filter>
    </ClInclude>
    <ClInclude Include="scene\IScene.h">
      <Filter>scene</Filter>
    </ClInclude>
    <ClInclude Include="scene\SceneManager.h">
      <Filter>scene</Filter>
    </ClInclude>
    <ClInclude Include="scene\StartupScene.h">
      <Filter>scene</Filter>
    </ClInclude>
    <ClInclude Include="ui\SpriteAnimation.h">
      <Filter>ui</Filter>
    </ClInclude>
    <ClInclude Include="ui\UIBase.h">
      <Filter>ui</Filter>
    </ClInclude>
    <ClInclude Include="effect\EffectManager.h">
      <Filter>Effect</Filter>
    </ClInclude>
    <ClInclude Include="effect\Types.h">
      <Filter>Effect</Filter>
    </ClInclude>
    <ClInclude Include="core\Fade.h">
      <Filter>core</Filter>
    </ClInclude>
    <ClInclude Include="gimmick\FoodSpace.h">
      <Filter>gimmick</Filter>
    </ClInclude>
    <ClInclude Include="gimmick\DeliverySpace.h">
      <Filter>gimmick</Filter>
    </ClInclude>
    <ClInclude Include="score\Score.h">
      <Filter>score</Filter>
    </ClInclude>
    <ClInclude Include="ui\UIScore.h">
      <Filter>ui</Filter>
    </ClInclude>
    <ClInclude Include="scene\ResultScene.h">
      <Filter>scene</Filter>
    </ClInclude>
    <ClInclude Include="core\TimeKeeper.h">
      <Filter>core</Filter>
    </ClInclude>
    <ClInclude Include="ui\UITimer.h">
      <Filter>ui</Filter>
    </ClInclude>
    <ClInclude Include="collision\Shape.h">
      <Filter>collision</Filter>
    </ClInclude>
    <ClInclude Include="collision\Collider.h">
      <Filter>collision</Filter>
    </ClInclude>
    <ClInclude Include="collision\GhostBody.h">
      <Filter>collision</Filter>
    </ClInclude>
    <ClInclude Include="ui\UIPlayerNumber.h">
      <Filter>ui</Filter>
    </ClInclude>
  </ItemGroup>
</Project>